
Microsoft Visual Studio Solution File, Format Version 12.00
# Visual Studio 14
VisualStudioVersion = 14.0.23107.0
MinimumVisualStudioVersion = 10.0.40219.1
Project("{FAE04EC0-301F-11D3-BF4B-00C04F79EFBC}") = "Panti", "ClassLibrary\Panti.csproj", "{11EB58B1-7D7B-4038-8AAD-FE67255D8A88}"
EndProject
Project("{FAE04EC0-301F-11D3-BF4B-00C04F79EFBC}") = "PantiTests", "ClassLibraryTests\PantiTests.csproj", "{8D9C7FD0-F8EE-4397-844B-1E149BB0B8A5}"
EndProject
Project("{FAE04EC0-301F-11D3-BF4B-00C04F79EFBC}") = "WindowsForms", "WindowsForms\WindowsForms.csproj", "{BCEE7747-8D4A-4AD9-907B-72FE1C7A7B8F}"
EndProject
Project("{FAE04EC0-301F-11D3-BF4B-00C04F79EFBC}") = "OutportXml", "OutportXml\OutportXml.csproj", "{F5DB1EC7-5185-4A25-B14E-060ED8CFFA72}"
EndProject
Global
	GlobalSection(SolutionConfigurationPlatforms) = preSolution
		Debug|Any CPU = Debug|Any CPU
		Release|Any CPU = Release|Any CPU
	EndGlobalSection
	GlobalSection(ProjectConfigurationPlatforms) = postSolution
		{11EB58B1-7D7B-4038-8AAD-FE67255D8A88}.Debug|Any CPU.ActiveCfg = Debug|Any CPU
		{11EB58B1-7D7B-4038-8AAD-FE67255D8A88}.Debug|Any CPU.Build.0 = Debug|Any CPU
		{11EB58B1-7D7B-4038-8AAD-FE67255D8A88}.Release|Any CPU.ActiveCfg = Release|Any CPU
		{11EB58B1-7D7B-4038-8AAD-FE67255D8A88}.Release|Any CPU.Build.0 = Release|Any CPU
		{8D9C7FD0-F8EE-4397-844B-1E149BB0B8A5}.Debug|Any CPU.ActiveCfg = Debug|Any CPU
		{8D9C7FD0-F8EE-4397-844B-1E149BB0B8A5}.Debug|Any CPU.Build.0 = Debug|Any CPU
		{8D9C7FD0-F8EE-4397-844B-1E149BB0B8A5}.Release|Any CPU.ActiveCfg = Release|Any CPU
		{8D9C7FD0-F8EE-4397-844B-1E149BB0B8A5}.Release|Any CPU.Build.0 = Release|Any CPU
		{BCEE7747-8D4A-4AD9-907B-72FE1C7A7B8F}.Debug|Any CPU.ActiveCfg = Debug|Any CPU
		{BCEE7747-8D4A-4AD9-907B-72FE1C7A7B8F}.Debug|Any CPU.Build.0 = Debug|Any CPU
		{BCEE7747-8D4A-4AD9-907B-72FE1C7A7B8F}.Release|Any CPU.ActiveCfg = Release|Any CPU
		{BCEE7747-8D4A-4AD9-907B-72FE1C7A7B8F}.Release|Any CPU.Build.0 = Release|Any CPU
		{F5DB1EC7-5185-4A25-B14E-060ED8CFFA72}.Debug|Any CPU.ActiveCfg = Debug|Any CPU
		{F5DB1EC7-5185-4A25-B14E-060ED8CFFA72}.Debug|Any CPU.Build.0 = Debug|Any CPU
		{F5DB1EC7-5185-4A25-B14E-060ED8CFFA72}.Release|Any CPU.ActiveCfg = Release|Any CPU
		{F5DB1EC7-5185-4A25-B14E-060ED8CFFA72}.Release|Any CPU.Build.0 = Release|Any CPU
	EndGlobalSection
	GlobalSection(SolutionProperties) = preSolution
		HideSolutionNode = FALSE
	EndGlobalSection
EndGlobal
